# THIS IS AN AUTOGENERATED FILE. DO NOT EDIT THIS FILE DIRECTLY.
assets/bold-checkout-v1.css:
  development: 2018-01-09T16:25:59-05:00   e07680284d60045fa3e549a87aaf5ae7
assets/bold-checkout.css:
  development: 2018-01-09T16:25:59-05:00   d1eb35b1e4bf8861eef3ab9dc8af328f
assets/bold-ro.js.liquid:
  development: 2018-01-09T16:25:59-05:00   c2bf2ab7e27b5fa219eafc22cef24f17
assets/bold.css:
  development: 2018-01-09T16:25:59-05:00   bb9a0d3a18c6e03372c73cc196aab8f7
assets/check-mark.png:
  development: 2018-01-09T16:25:59-05:00   13d37f1569bc90e3bd18caf184f3539d
assets/check-no-mark.png:
  development: 2018-01-09T16:26:00-05:00   f3ca9886ed5adba8a65857662e37a78c
assets/checkout.scss.liquid:
  development: 2018-01-09T16:26:00-05:00   e8d68d730ecc940ae25c01ec5ea0007b
assets/dailydeal-circle-countdown-plugins.js:
  development: 2018-01-09T16:26:00-05:00   2e09c4143cc6fe41c8fdfd58ca70032c
assets/dailydeal-circle-countdown.css:
  development: 2018-01-09T16:26:00-05:00   a65f50180856f6f91107ae033649f48d
assets/dailydeal-circle-countdown.js:
  development: 2018-01-09T16:26:00-05:00   eb21abcfd94833a5813fa0029aadfa2c
assets/dailydeal-flip-countdown.css:
  development: 2018-01-09T16:26:00-05:00   3ef71d23c6c60e98ce92a0f18284160e
assets/dailydeal-flip-countdown.js:
  development: 2018-01-09T16:26:00-05:00   a23ca79a41430bce46f06cb9583ab871
assets/dailydeal-jquery.min.js:
  development: 2018-01-09T16:26:00-05:00   78c4fcdc04e24e96c4722b57559373a6
assets/dailydeal-special-css.css:
  development: 2018-01-09T16:26:00-05:00
assets/facebook-25x25.png:
  development: 2018-01-09T16:26:00-05:00   7447054a7abe22c1a4227e6f87cbada8
assets/facebook.png:
  development: 2018-01-09T16:26:00-05:00   7fa27146239133c26cf2a5ac903d7c76
assets/gift-card.scss.liquid:
  development: 2018-01-09T16:26:01-05:00   02d73926385acb1d0b21856db43d804a
assets/holland.woff:
  development: 2018-01-09T16:26:01-05:00   9f5242bf0e5cbf9cdd691d4aad6de198
assets/holland.woff2:
  development: 2018-01-09T16:26:01-05:00   a298dab1424edbbb799b65e8832a49b4
assets/infobox.js:
  development: 2018-01-09T16:26:01-05:00   ef6d1b9d49e21bfb1ce770564b3d334a
assets/instagram-25x25.png:
  development: 2018-01-09T16:26:01-05:00   37860790664b0fd7d12cec51e4354b1a
assets/instagram.png:
  development: 2018-01-09T16:26:01-05:00   6a93a7b48b1fb419d06d55e9830ac89d
assets/jquery-1.10.2.min.js:
  development: 2018-01-09T16:26:01-05:00   628072e7212db1e8cdacb22b21752cda
assets/jquery.cart.min.js:
  development: 2018-01-09T16:26:01-05:00   4f5af6253c0590a20c227dcdaefdf950
assets/jquery.currencies.js:
  development: 2018-01-09T16:26:01-05:00   e762a942cddfee5c6e93502be82fe4d2
assets/jquery.tmpl.min.js:
  development: 2018-01-09T16:26:01-05:00   2b26540d6761fa6eb1e66d97ec176364
assets/launch-icons.eot:
  development: 2018-01-09T16:26:01-05:00   4b0b12cb6362c061cf27129d2f91d3cc
assets/launch-icons.ttf:
  development: 2018-01-09T16:26:02-05:00   b22b668d8787d0d66437a455a47bdf55
assets/launch-icons.woff:
  development: 2018-01-09T16:26:02-05:00   9496b878bb0305a6688035d4cabfb904
assets/launch-social-icons.eot:
  development: 2018-01-09T16:26:02-05:00   410a76304eda7d4fe4e3fa946c20c9c0
assets/launch-social-icons.json:
  development: 2018-01-09T16:26:02-05:00   f7b016b01b8758b32e3e072f2cadf838
assets/launch-social-icons.svg:
  development: 2018-01-09T16:26:02-05:00   0d1c9457325a7e3b16913a98bff735e9
assets/launch-social-icons.ttf:
  development: 2018-01-09T16:26:02-05:00   28ca5c55dd0dca29f8718db73a905d50
assets/launch-social-icons.woff:
  development: 2018-01-09T16:26:02-05:00   5e27650fb5c0b942d9dfe3fe56d1a146
assets/modernizr-2.7.1.min.js:
  development: 2018-01-09T16:26:02-05:00   e49e67ef07362fcfb0be107f8651f1d9
assets/no-image.png:
  development: 2018-01-09T16:26:02-05:00   dbcf571b95733efe9d94e4701fcc74a7
assets/no-image.svg:
  development: 2018-01-09T16:26:02-05:00   16019705c1a003206589f281c1c6c735
assets/plugins.js:
  development: 2018-01-09T16:26:03-05:00   1f4b773a950bed5146526bb2def5b94c
assets/site.js:
  development: 2018-01-09T16:26:03-05:00   eac96918866139c27b806e64466668ec
assets/socicon-webfont.eot:
  development: 2018-01-09T16:26:03-05:00   308531c9c8ba487310162fd5060422e8
assets/socicon-webfont.ttf:
  development: 2018-01-09T16:26:03-05:00   8f1a7e3f97ff5d438aebeb9196b2718c
assets/socicon-webfont.woff:
  development: 2018-01-09T16:26:03-05:00   cad75e2dacc6794c4e6b14727d4a989d
assets/socicon.eot:
  development: 2018-01-09T16:26:03-05:00   ea43c9baf80735f0079f840128c47f39
assets/socicon.svg:
  development: 2018-01-09T16:26:03-05:00   1a21c27cfb0f96d13acedd58de6e1983
assets/socicon.ttf:
  development: 2018-01-09T16:26:04-05:00   7cc8866f15703fbfee8e7f5925fc38ac
assets/socicon.woff:
  development: 2018-01-09T16:26:04-05:00   182f92980103242b250714e72e69cb8f
assets/special-offers.js:
  development: 2018-01-09T16:26:04-05:00   d904545e4f227e03a34a8b6a1c900f52
assets/special-offers.scss.liquid:
  development: 2018-01-09T16:26:04-05:00   46026216d4789bf79811b198e2e75d1d
assets/theme.scss.liquid:
  development: 2018-01-09T16:26:04-05:00   179ab59f458f0e940abb419654f25c94
assets/twitter-25x25.png:
  development: 2018-01-09T16:26:04-05:00   50af2729f7ba7d74c83fb2f5f6af4385
assets/twitter.png:
  development: 2018-01-09T16:26:04-05:00   d8c702210f95f1f7286d2db57913aac4
config/settings_data.json:
  development: 2018-01-09T16:25:59-05:00   511ba0ba9a2fddc6e595bde92f3d5f4f
config/settings_schema.json:
  development: 2018-01-09T16:26:06-05:00   0a3efd3542236bb04cdeb97a6d32ff49
layout/checkout.liquid:
  development: 2018-01-09T16:26:04-05:00   85305a6bd6d97d73c54d98fd4795e5f4
layout/theme-backup-special.liquid:
  development: 2018-01-09T16:26:04-05:00   2519e99aaaf042762f199e9b76affc9d
layout/theme.bak.2017-07-26@21-10-28utc.liquid:
  development: 2018-01-09T16:26:04-05:00   7595ee0d7ae6ad4d8e3fb6f773081310
layout/theme.liquid:
  development: 2018-01-09T16:26:04-05:00   9a366ecc304eded14d004a0f74947476
locales/en.default.json:
  development: 2018-01-09T16:26:04-05:00   b47ad86ba6193d1c66f12f9dda552763
sections/alternating-content-background-image.liquid:
  development: 2018-01-09T16:25:58-05:00   272f746cc1f4266a62467657cc035d34
sections/alternating-content-difference-2.liquid:
  development: 2018-01-09T16:25:58-05:00   810e490bc589320849280a183fa3cd73
sections/alternating-content-difference-3.liquid:
  development: 2018-01-09T16:25:58-05:00   daef10ccb59202b6975b232b5d463441
sections/alternating-content-difference.liquid:
  development: 2018-01-09T16:25:58-05:00   e5091d3e58dd9e03a02bf8449a18d007
sections/alternating-content-home.liquid:
  development: 2018-01-09T16:25:58-05:00   63f78cd18ab5ee88496c12ed1a475aa1
sections/alternating-content-story.liquid:
  development: 2018-01-09T16:25:58-05:00   47aa39e336c63a655a8bb3972878305b
sections/alternating-content-why.liquid:
  development: 2018-01-09T16:25:58-05:00   0a8fd35268cece39d28430f5037d040d
sections/certified.liquid:
  development: 2018-01-09T16:25:58-05:00   065a621f94141ae3feb45d40ed7503d0
sections/diagram-full-width.liquid:
  development: 2018-01-09T16:25:58-05:00   3a79d46c85af3054a6f2a6e68c44e318
sections/full-media-about-difference.liquid:
  development: 2018-01-09T16:25:58-05:00   7be0bdbe4710adeef7aa75965bb8df52
sections/full-media-about-story-2.liquid:
  development: 2018-01-09T16:25:58-05:00   4abb4434308a422e0f31a20f4253c67b
sections/full-media-about-story.liquid:
  development: 2018-01-09T16:25:58-05:00   d724a8d75ea2f0e9643c9272685026c2
sections/full-media-about-why.liquid:
  development: 2018-01-09T16:25:58-05:00   7fb2f7deb8e7f8105c1776ea8dfbdcd1
sections/full-media-home.liquid:
  development: 2018-01-09T16:25:58-05:00   29b9d81ea3f0c690667f580a3832473a
sections/full-media-product.liquid:
  development: 2018-01-09T16:25:58-05:00   9a5e0dad65f98edd7a09fb8005648e3d
sections/full-text-difference.liquid:
  development: 2018-01-09T16:25:58-05:00   000185e199d75675b8deefa6b863dc06
sections/full-text-story.liquid:
  development: 2018-01-09T16:25:58-05:00   a0c5ca625d3b0931b2d0559a58fd0d05
sections/general-footer.liquid:
  development: 2018-01-09T16:25:58-05:00   dbfac8edb5fb87b1884a8e60a9ba862d
sections/general-header.liquid:
  development: 2018-01-09T16:25:58-05:00   72010f8d47d5249823e88fdba930e9ea
sections/general-newsletter.liquid:
  development: 2018-01-09T16:25:58-05:00   9bfe6d31c7e4d9e8f249332d7c284ca5
sections/general-social-feeds.liquid:
  development: 2018-01-09T16:25:58-05:00   81fd87477cb3dffef7df1b4a5e1c15e7
sections/home-blog-posts.liquid:
  development: 2018-01-09T16:25:58-05:00   2902af7e300fc65fbe36ad1d01c6fb22
sections/home-collection-list.liquid:
  development: 2018-01-09T16:25:58-05:00   317298f03af9f78584f4203fdb977547
sections/home-featured-collection.liquid:
  development: 2018-01-09T16:25:58-05:00   7eca478bebe978e25e2f5126cd0eb7bf
sections/home-images-with-text.liquid:
  development: 2018-01-09T16:25:58-05:00   a8046666e6d2d3a8a5ac5833e6112c35
sections/home-product-focus.liquid:
  development: 2018-01-09T16:25:58-05:00   159d8c19cfad19e930a9450100dab1cc
sections/home-product-goal.liquid:
  development: 2018-01-09T16:25:58-05:00   e5d0b1f28b82d57024cb6c8ccd0a1527
sections/home-slideshow.liquid:
  development: 2018-01-09T16:25:58-05:00   f6845de32703f8235715fe1884bf20bc
sections/home-testimonials.liquid:
  development: 2018-01-09T16:25:58-05:00   b58a8c06927e503529592a16569c77ca
sections/home-text-columns-with-icons.liquid:
  development: 2018-01-09T16:25:58-05:00   336563bae57071e60269f3b8941ab65b
sections/module-contact-ambassadors.liquid:
  development: 2018-01-09T16:25:58-05:00   41e2ba4c8eca40f418da2c04930dd195
sections/module-contact-form.liquid:
  development: 2018-01-09T16:25:58-05:00   6b0b2507526a1cd68d089114654a6ca9
sections/module-contact-healthcare-pros.liquid:
  development: 2018-01-09T16:25:58-05:00   3f37817ebd3761b9dbe3b0df7091b83e
sections/module-faq.liquid:
  development: 2018-01-09T16:25:58-05:00   72d7e5f95e36557f8e13a1d2c9d897d3
sections/module-map.liquid:
  development: 2018-01-09T16:25:58-05:00   4cf5f9e3422fb167a764a889d1b0c74f
sections/module-product-focus.liquid:
  development: 2018-01-09T16:25:58-05:00   ced1a90586bf79448fb8d99d97283651
sections/module-related-products.liquid:
  development: 2018-01-09T16:25:58-05:00   cc4bc233954f90c2aa164be4efa9ce51
sections/module-team.liquid:
  development: 2018-01-09T16:25:58-05:00   ea228cbe8a1fecbcdb0327f057329b1a
sections/module-technical-specifications.liquid:
  development: 2018-01-09T16:25:59-05:00   962c4439cbcce363987318cfcafe4a73
sections/shop-full-media.liquid:
  development: 2018-01-09T16:25:59-05:00   0bf6e36d79e508a79b170a94cd69746a
sections/stat-content.liquid:
  development: 2018-01-09T16:25:59-05:00   ec3b7488e939b1369349874eefc03273
sections/template-article.liquid:
  development: 2018-01-09T16:25:59-05:00   1d7ede87cb2566792c79780a734adec9
sections/template-cart.liquid:
  development: 2018-01-09T16:25:59-05:00   93ddea42034bedbce4f21f24049b5441
sections/template-collection.liquid:
  development: 2018-01-09T16:25:59-05:00   8cc7fa55857099a9f0d1a0cd8d46237b
sections/template-product.liquid:
  development: 2018-01-09T16:25:59-05:00   3d5fa6618672647e8e65c15ee77435b4
sections/testimonials-vertical.liquid:
  development: 2018-01-09T16:25:59-05:00   b6af6098ca293743e0376a8b28468446
sections/text-columns-icons-story.liquid:
  development: 2018-01-09T16:25:59-05:00   ede959e4bbbf87f68a6bada93b7432f8
sections/trust-pilot-review.liquid:
  development: 2018-01-09T16:25:59-05:00   217a5c7ba8a67a7d08b2143d9bf87156
sections/vertical-steps.liquid:
  development: 2018-01-09T16:25:59-05:00   974f31ebabf6b6eb2fcc8b1f7192fb47
snippets/account-address-form.liquid:
  development: 2018-01-09T16:26:04-05:00   741c603d05623950307ddc3c013f5607
snippets/additional-classes.liquid:
  development: 2018-01-09T16:26:05-05:00   20625cd0a0c53299451c373a72fe370a
snippets/ajaxify-cart-so.liquid:
  development: 2018-01-09T16:26:05-05:00   8b4c7e60f944e03c98c66b707b6e6496
snippets/article-list-item.liquid:
  development: 2018-01-09T16:26:05-05:00   f317367a4c91434efc6957268a0b9149
snippets/bold-cart-item.liquid:
  development: 2018-01-09T16:26:05-05:00   b4c09a4370c9f706537c4e7b81e1027b
snippets/bold-cart.liquid:
  development: 2018-01-09T16:26:05-05:00   922b6fc03e4bfcac77fa31cbfe00628d
snippets/bold-common.liquid:
  development: 2018-01-09T16:26:05-05:00   5c5f9f43bd38d953e8f0e42da95e2a32
snippets/bold-product.liquid:
  development: 2018-01-09T16:26:05-05:00   cf098f6a12ad73f48a1ce18b63f17676
snippets/bold-ro-init.liquid:
  development: 2018-01-09T16:26:05-05:00   564e42307cd8f06f1ec118bc73d03ac9
snippets/bold-ro.liquid:
  development: 2018-01-09T16:26:05-05:00   b0285a9f495f65bc875eea5de2ceb9c6
snippets/bold-variant.liquid:
  development: 2018-01-09T16:26:05-05:00   68936222a22a626d87f8e7e1330486fe
snippets/breadcrumbs.liquid:
  development: 2018-01-09T16:26:05-05:00   0bd65f59917d8be9dc8bd058e64fc195
snippets/buyx-cart.liquid:
  development: 2018-01-09T16:26:05-05:00   ecc4ebbd6f32234e7d8338e06166864b
snippets/buyx-price-min.liquid:
  development: 2018-01-09T16:26:05-05:00   4778418718982df526faae53152de8c8
snippets/buyx-product.liquid:
  development: 2018-01-09T16:26:05-05:00   143c7e5afd490d2b41259f078bb25b85
snippets/clear.liquid:
  development: 2018-01-09T16:26:05-05:00   c13f1132af724f9d495e90f612e8b315
snippets/collection-item-alternating.liquid:
  development: 2018-01-09T16:26:05-05:00   edb8452c6ddfe74ed08541de65e390f2
snippets/collection-item-default.liquid:
  development: 2018-01-09T16:26:05-05:00   fba8bb39fe368a95a758eec7f49f4560
snippets/collection-item-random.liquid:
  development: 2018-01-09T16:26:05-05:00   517e533127561a872cba0744e616b90a
snippets/collection-list-item.liquid:
  development: 2018-01-09T16:26:05-05:00   48b1cb63459dcf6ec622d2c211477c9a
snippets/collection-tag-selector.liquid:
  development: 2018-01-09T16:26:05-05:00   414af9925a7bb5c311e8b7277afdaccd
snippets/currency-selector.liquid:
  development: 2018-01-09T16:26:05-05:00   813abc34f76eceffc32ca30a91bc04db
snippets/dailydeal-countdown.liquid:
  development: 2018-01-09T16:26:05-05:00   c9a71a5395d09b8fd20071eb55503936
snippets/eyebrow.liquid:
  development: 2018-01-09T16:26:05-05:00   1082b5dc6497cf257b91ab17a0b1c614
snippets/favicon.liquid:
  development: 2018-01-09T16:26:05-05:00   17dac714316cd7dd3dcdb410d3180482
snippets/font-icon.liquid:
  development: 2018-01-09T16:26:05-05:00   e6e0f167896bb28c1597bf8890e6112b
snippets/fonts.liquid:
  development: 2018-01-09T16:26:05-05:00   9f450a394e258c5b749e25a23abde64d
snippets/for-looper.liquid:
  development: 2018-01-09T16:26:05-05:00   527e37ca0365fb5b0e04aae22b2d1cfb
snippets/full-width-media.liquid:
  development: 2018-01-09T16:26:05-05:00   81978df039273f42c3bd1cdba0dfcec7
snippets/google-tag-manager-body.liquid:
  development: 2018-01-09T16:26:05-05:00   8d85104ea32c5000ae0aa6d889f7ef2c
snippets/google-tag-manager-head.liquid:
  development: 2018-01-09T16:26:05-05:00   a5cb93c8a87acf2016c5d80dbe558598
snippets/header-goal.liquid:
  development: 2018-01-09T16:26:05-05:00   afe461a554ce63b654d8aabc70c269a9
snippets/hex2rgb.liquid:
  development: 2018-01-09T16:26:05-05:00   646edef4e1a0cf9a1d47d6465b467a38
snippets/navigation.liquid:
  development: 2018-01-09T16:26:05-05:00   3aeb73ae060a98f4544d94c99abb02c0
snippets/order-logic.liquid:
  development: 2018-01-09T16:26:05-05:00   c09488e40b61b8734a07359b87799a77
snippets/pagination.liquid:
  development: 2018-01-09T16:26:05-05:00   a183b6cc1e2c3a7aec00980e18e09c50
snippets/placeholder_svg_uri.liquid:
  development: 2018-01-09T16:26:05-05:00   f6872e1f19ecee8ed0fffa3a46e0f2b6
snippets/product-focus.liquid:
  development: 2018-01-09T16:26:05-05:00   6ab2220f80a0107f234206cea0df2fef
snippets/product-goal-enabled.liquid:
  development: 2018-01-09T16:26:05-05:00   1466e9eadd73e52e9209cb785b9a41a7
snippets/product-goal.liquid:
  development: 2018-01-09T16:26:05-05:00   f998d74a1359e4d4c9e49d49bddb60b5
snippets/product-list-item.liquid:
  development: 2018-01-09T16:26:05-05:00   e545e9cc6f50106b3566cdc8e45d5a01
snippets/product-options-dropdown.liquid:
  development: 2018-01-09T16:26:05-05:00   2797ca26b1bc3e6637e9e4e256ed2174
snippets/referral-candy-post-purchase-pop.liquid:
  development: 2018-01-09T16:26:05-05:00   60b78a3b558cf616ef62137b1d1fcc80
snippets/rewind_menu_backup_do_not_delete.liquid:
  development: 2018-01-09T16:26:05-05:00   a7fb4c8d41a06268d935349f71d7780d
snippets/scripts-styles-footer.liquid:
  development: 2018-01-09T16:26:05-05:00   2ecabf5807684fe3d5fbeb589e96f6fd
snippets/scripts-styles-header.liquid:
  development: 2018-01-09T16:26:05-05:00   3a05a3b01ab076f18c64ab27ecb947b0
snippets/share-buttons.liquid:
  development: 2018-01-09T16:26:05-05:00   eececb04889666b45a448b52dd496724
snippets/shipping-calculator.liquid:
  development: 2018-01-09T16:26:05-05:00   935e133acf42ace371ac4a782b8efb58
snippets/social-feed-instagram.liquid:
  development: 2018-01-09T16:26:05-05:00   2db6f63c8b475872745d6efc25839810
snippets/social-feed-twitter.liquid:
  development: 2018-01-09T16:26:05-05:00   bed225692ebb6ef4319657b7b33dfc48
snippets/social-meta.liquid:
  development: 2018-01-09T16:26:05-05:00   ca4fbdb8434891f7069cb3dc7c3a4bd9
snippets/social-sign-in.liquid:
  development: 2018-01-09T16:26:05-05:00   5387263052ba7c20d0d8d68f027819d2
snippets/special-offers-templates.liquid:
  development: 2018-01-09T16:26:05-05:00   622c6a6163dc1a14057673c0aa864f9e
snippets/special-offers.liquid:
  development: 2018-01-09T16:26:05-05:00   37d58aa4db8ff8097d747ea56d2f0372
snippets/svg-sprite.liquid:
  development: 2018-01-09T16:26:05-05:00   89196daa4fcb4edc9ba0fd471bae1159
snippets/template-collection.alternating.liquid:
  development: 2018-01-09T16:26:05-05:00   be6add93ff2b3c113ad9cf87edcccb31
snippets/template-collection.liquid:
  development: 2018-01-09T16:26:05-05:00   5ace68fb3cf7a241e698bb654741e70f
snippets/template-collection.random.liquid:
  development: 2018-01-09T16:26:05-05:00   acd1bc52ed11b3f3aa9477b8e884c264
snippets/theme-options.liquid:
  development: 2018-01-09T16:26:05-05:00   de650341f70b7baec075773d6f253036
snippets/trust-pilot-review-slider.liquid:
  development: 2018-01-09T16:26:05-05:00   7475a9138ec93ccb44715307672a3ddf
snippets/trust-pilot-reviews-products.liquid:
  development: 2018-01-09T16:26:05-05:00   7c2597bb6a97602655534b82ba47f963
snippets/video-embed.liquid:
  development: 2018-01-09T16:26:05-05:00   fd5a28ab8e6b7dfb33374d9fd7096ced
templates/404.liquid:
  development: 2018-01-09T16:26:05-05:00   f8ec9fecbb48047ca764b30f7f558a78
templates/article.liquid:
  development: 2018-01-09T16:26:05-05:00   5e43bf5dd742a2742401db835e7d025f
templates/blog.liquid:
  development: 2018-01-09T16:26:05-05:00   29fdbfadc841badcc3e9ee4b02b3de47
templates/cart.liquid:
  development: 2018-01-09T16:26:05-05:00   d7fa4309528bb537de223cd8361a1480
templates/collection.alternating.liquid:
  development: 2018-01-09T16:26:05-05:00   35fbb64a148ad4db293c3b414bf5a129
templates/collection.liquid:
  development: 2018-01-09T16:26:05-05:00   52edd56508c07cc219804c01153a4637
templates/collection.random.liquid:
  development: 2018-01-09T16:26:05-05:00   35fbb64a148ad4db293c3b414bf5a129
templates/customers/account.liquid:
  development: 2018-01-09T16:26:05-05:00   57045ce138e050dc0210cd5ecab072c5
templates/customers/activate_account.liquid:
  development: 2018-01-09T16:26:05-05:00   179f905ad4815a2663b09e25c0d4c839
templates/customers/addresses.liquid:
  development: 2018-01-09T16:26:05-05:00   00b497dcdea5a61b657db910632243a6
templates/customers/login-backup-social-sign-in.liquid:
  development: 2018-01-09T16:26:05-05:00   f228f4f3ac5a4a5b0db840288b612698
templates/customers/login.liquid:
  development: 2018-01-09T16:26:06-05:00   e172f745a7a23af8c82ed0539ce31869
templates/customers/order.liquid:
  development: 2018-01-09T16:26:06-05:00   4674fc7cabb53dc14b38fab3250c74e4
templates/customers/register-backup-social-sign-in.liquid:
  development: 2018-01-09T16:26:06-05:00   2d5c1c0d2ec8937be438ebadddea5991
templates/customers/register.liquid:
  development: 2018-01-09T16:26:06-05:00   8d648dd97ba55a3d0bbf89ad291a1a04
templates/customers/reset_password.liquid:
  development: 2018-01-09T16:26:06-05:00   476ac18f74fa9c27e96f994941014e63
templates/gift_card.liquid:
  development: 2018-01-09T16:26:06-05:00   10a7a9942c7e6be8e72e31024ef528d6
templates/index.liquid:
  development: 2018-01-09T16:26:06-05:00   fb424fdd57f364f744964b0e37c3aa2f
templates/list-collections.liquid:
  development: 2018-01-09T16:26:06-05:00   c99bce38be3dde73c31d9a0e26dbb66a
templates/page.about.liquid:
  development: 2018-01-09T16:26:06-05:00   b02ef323ba8f8a449061ded82adddbf3
templates/page.aboutdifference.liquid:
  development: 2018-01-09T16:26:06-05:00   5afe0e01daed564d5f6328e631e064b8
templates/page.aboutstory.liquid:
  development: 2018-01-09T16:26:06-05:00   814af4a9d87cb7f18d7b017c6ddf1a20
templates/page.aboutwhy.liquid:
  development: 2018-01-09T16:26:06-05:00   cc9a33e8e7141eb8b5e0416bddec337b
templates/page.contact-ambassadors.liquid:
  development: 2018-01-09T16:26:06-05:00   fac8806fba045123e150ec444d994683
templates/page.contact-healthcare-pros.liquid:
  development: 2018-01-09T16:26:06-05:00   cbe8e8ebfce0c963164be3344c0f9596
templates/page.contact.liquid:
  development: 2018-01-09T16:26:06-05:00   c3fbe183fdfd3fe71da24e33b94e3d04
templates/page.faq.liquid:
  development: 2018-01-09T16:26:06-05:00   135fe18f20ca42a9ffe463a9eef9d42f
templates/page.international-checkout.liquid:
  development: 2018-01-09T16:26:06-05:00   68a8bec38f110fbec5e7b36475fc7e19
templates/page.liquid:
  development: 2018-01-09T16:26:06-05:00   bf4a6385b31eca2f7fbf931a352d7dbe
templates/page.rewind_menu_backup_do_not_delete.liquid:
  development: 2018-01-09T16:26:06-05:00   ef1023246c38cea6bbbca8171123b13f
templates/password.liquid:
  development: 2018-01-09T16:26:06-05:00   695566e711415f175fb8c46db603f336
templates/product.liquid:
  development: 2018-01-09T16:26:06-05:00   e85b2886d7379076eceb0c68a3353b64
templates/search.liquid:
  development: 2018-01-09T16:26:06-05:00   0b6b451b738405f1defbd0656fa169cb
